{
  "requires": true,
  "lockfileVersion": 1,
  "dependencies": {
    "ress": {
      "version": "2.0.4",
      "resolved": "https://registry.npmjs.org/ress/-/ress-2.0.4.tgz",
      "integrity": "sha512-Fn9ugfCVPYn+8haQnen0rfm3gaX92Wk3SRpCNvrrpVvW6Iu1IKPU+UjsmVS8hYgweCBEr0x3nJd+TM+PXVaCoQ=="
    }
  }
}
